
Microsoft Visual Studio Solution File, Format Version 12.00
# Visual Studio Version 16
VisualStudioVersion = 16.0.31424.327
MinimumVisualStudioVersion = 10.0.40219.1
Project("{FAE04EC0-301F-11D3-BF4B-00C04F79EFBC}") = "CancelationTokenTask", "CancelationTokenTask\CancelationTokenTask.csproj", "{21924F74-D6CC-483B-892C-3A2F7D86FB15}"
EndProject
Global
	GlobalSection(SolutionConfigurationPlatforms) = preSolution
		Debug|Any CPU = Debug|Any CPU
		Release|Any CPU = Release|Any CPU
	EndGlobalSection
	GlobalSection(ProjectConfigurationPlatforms) = postSolution
		{21924F74-D6CC-483B-892C-3A2F7D86FB15}.Debug|Any CPU.ActiveCfg = Debug|Any CPU
		{21924F74-D6CC-483B-892C-3A2F7D86FB15}.Debug|Any CPU.Build.0 = Debug|Any CPU
		{21924F74-D6CC-483B-892C-3A2F7D86FB15}.Release|Any CPU.ActiveCfg = Release|Any CPU
		{21924F74-D6CC-483B-892C-3A2F7D86FB15}.Release|Any CPU.Build.0 = Release|Any CPU
	EndGlobalSection
	GlobalSection(SolutionProperties) = preSolution
		HideSolutionNode = FALSE
	EndGlobalSection
	GlobalSection(ExtensibilityGlobals) = postSolution
		SolutionGuid = {4D940C91-D636-4457-B050-2C2CD1750DD7}
	EndGlobalSection
EndGlobal
